
Microsoft Visual Studio Solution File, Format Version 12.00
# Visual Studio 15
Project("{FAE04EC0-301F-11D3-BF4B-00C04F79EFBC}") = "SuperTiled2Unity", "SuperTiled2Unity.csproj", "{3CCF11DF-8A97-2188-8AA8-2C25743E80B8}"
EndProject
Project("{FAE04EC0-301F-11D3-BF4B-00C04F79EFBC}") = "Assembly-CSharp", "Assembly-CSharp.csproj", "{592E7E8E-6CAC-7BB7-C9F8-58D1FB3BD742}"
EndProject
Project("{FAE04EC0-301F-11D3-BF4B-00C04F79EFBC}") = "SuperTiled2UnityEditor", "SuperTiled2UnityEditor.csproj", "{073DC71C-3C55-41C3-A88C-A5F64E5B99D0}"
EndProject
Project("{FAE04EC0-301F-11D3-BF4B-00C04F79EFBC}") = "Assembly-CSharp-Editor", "Assembly-CSharp-Editor.csproj", "{47CBF824-2661-E201-B12D-2A240BD4DDA6}"
EndProject
Global
	GlobalSection(SolutionConfigurationPlatforms) = preSolution
		Debug|Any CPU = Debug|Any CPU
		Release|Any CPU = Release|Any CPU
	EndGlobalSection
	GlobalSection(ProjectConfigurationPlatforms) = postSolution
		{3CCF11DF-8A97-2188-8AA8-2C25743E80B8}.Debug|Any CPU.ActiveCfg = Debug|Any CPU
		{3CCF11DF-8A97-2188-8AA8-2C25743E80B8}.Debug|Any CPU.Build.0 = Debug|Any CPU
		{3CCF11DF-8A97-2188-8AA8-2C25743E80B8}.Release|Any CPU.ActiveCfg = Release|Any CPU
		{3CCF11DF-8A97-2188-8AA8-2C25743E80B8}.Release|Any CPU.Build.0 = Release|Any CPU
		{592E7E8E-6CAC-7BB7-C9F8-58D1FB3BD742}.Debug|Any CPU.ActiveCfg = Debug|Any CPU
		{592E7E8E-6CAC-7BB7-C9F8-58D1FB3BD742}.Debug|Any CPU.Build.0 = Debug|Any CPU
		{592E7E8E-6CAC-7BB7-C9F8-58D1FB3BD742}.Release|Any CPU.ActiveCfg = Release|Any CPU
		{592E7E8E-6CAC-7BB7-C9F8-58D1FB3BD742}.Release|Any CPU.Build.0 = Release|Any CPU
		{073DC71C-3C55-41C3-A88C-A5F64E5B99D0}.Debug|Any CPU.ActiveCfg = Debug|Any CPU
		{073DC71C-3C55-41C3-A88C-A5F64E5B99D0}.Debug|Any CPU.Build.0 = Debug|Any CPU
		{073DC71C-3C55-41C3-A88C-A5F64E5B99D0}.Release|Any CPU.ActiveCfg = Release|Any CPU
		{073DC71C-3C55-41C3-A88C-A5F64E5B99D0}.Release|Any CPU.Build.0 = Release|Any CPU
		{47CBF824-2661-E201-B12D-2A240BD4DDA6}.Debug|Any CPU.ActiveCfg = Debug|Any CPU
		{47CBF824-2661-E201-B12D-2A240BD4DDA6}.Debug|Any CPU.Build.0 = Debug|Any CPU
		{47CBF824-2661-E201-B12D-2A240BD4DDA6}.Release|Any CPU.ActiveCfg = Release|Any CPU
		{47CBF824-2661-E201-B12D-2A240BD4DDA6}.Release|Any CPU.Build.0 = Release|Any CPU
	EndGlobalSection
	GlobalSection(SolutionProperties) = preSolution
		HideSolutionNode = FALSE
	EndGlobalSection
EndGlobal
